{
  "name": "electron",
  "lockfileVersion": 2,
  "requires": true,
  "packages": {
    "": {
      "dependencies": {
        "electron-is-dev": "^1.1.0",
        "electron-log": "^4.0.0",
        "electron-updater": "^4.2.0"
      }
    },
    "node_modules/@types/semver": {
      "version": "7.3.4",
      "resolved": "https://registry.npmjs.org/@types/semver/-/semver-7.3.4.tgz",
      "integrity": "sha512-+nVsLKlcUCeMzD2ufHEYuJ9a2ovstb6Dp52A5VsoKxDXgvE051XgHI/33I1EymwkRGQkwnA0LkhnUzituGs4EQ=="
    },
    "node_modules/argparse": {
      "version": "1.0.10",
      "resolved": "https://registry.npmjs.org/argparse/-/argparse-1.0.10.tgz",
      "integrity": "sha512-o5Roy6tNG4SL/FOkCAN6RzjiakZS25RLYFrcMttJqbdd8BWrnA+fGz57iN5Pb06pvBGvl5gQ0B48dJlslXvoTg==",
      "dependencies": {
        "sprintf-js": "~1.0.2"
      }
    },
    "node_modules/at-least-node": {
      "version": "1.0.0",
      "resolved": "https://registry.npmjs.org/at-least-node/-/at-least-node-1.0.0.tgz",
      "integrity": "sha512-+q/t7Ekv1EDY2l6Gda6LLiX14rU9TV20Wa3ofeQmwPFZbOMo9DXrLbOjFaaclkXKWidIaopwAObQDqwWtGUjqg==",
      "engines": {
        "node": ">= 4.0.0"
      }
    },
    "node_modules/builder-util-runtime": {
      "version": "8.7.2",
      "resolved": "https://registry.npmjs.org/builder-util-runtime/-/builder-util-runtime-8.7.2.tgz",
      "integrity": "sha512-xBqv+8bg6cfnzAQK1k3OGpfaHg+QkPgIgpEkXNhouZ0WiUkyZCftuRc2LYzQrLucFywpa14Xbc6+hTbpq83yRA==",
      "dependencies": {
        "debug": "^4.1.1",
        "sax": "^1.2.4"
      },
      "engines": {
        "node": ">=8.2.5"
      }
    },
    "node_modules/debug": {
      "version": "4.3.1",
      "resolved": "https://registry.npmjs.org/debug/-/debug-4.3.1.tgz",
      "integrity": "sha512-doEwdvm4PCeK4K3RQN2ZC2BYUBaxwLARCqZmMjtF8a51J2Rb0xpVloFRnCODwqjpwnAoao4pelN8l3RJdv3gRQ==",
      "dependencies": {
        "ms": "2.1.2"
      },
      "engines": {
        "node": ">=6.0"
      },
      "peerDependenciesMeta": {
        "supports-color": {
          "optional": true
        }
      }
    },
    "node_modules/electron-is-dev": {
      "version": "1.2.0",
      "resolved": "https://registry.npmjs.org/electron-is-dev/-/electron-is-dev-1.2.0.tgz",
      "integrity": "sha512-R1oD5gMBPS7PVU8gJwH6CtT0e6VSoD0+SzSnYpNm+dBkcijgA+K7VAMHDfnRq/lkKPZArpzplTW6jfiMYosdzw=="
    },
    "node_modules/electron-log": {
      "version": "4.3.1",
      "resolved": "https://registry.npmjs.org/electron-log/-/electron-log-4.3.1.tgz",
      "integrity": "sha512-S/0CMjYjgyWUsZ3d27VvErPaI5W4oILp4jfeCuN4DhDqrJW6jKRUD2PxFfTdeZEIjM7+fttGg7A61rPcAcZC1w=="
    },
    "node_modules/electron-updater": {
      "version": "4.3.5",
      "resolved": "https://registry.npmjs.org/electron-updater/-/electron-updater-4.3.5.tgz",
      "integrity": "sha512-5jjN7ebvfj1cLI0VZMdCnJk6aC4bP+dy7ryBf21vArR0JzpRVk0OZHA2QBD+H5rm6ZSeDYHOY6+8PrMEqJ4wlQ==",
      "dependencies": {
        "@types/semver": "^7.3.1",
        "builder-util-runtime": "8.7.2",
        "fs-extra": "^9.0.1",
        "js-yaml": "^3.14.0",
        "lazy-val": "^1.0.4",
        "lodash.isequal": "^4.5.0",
        "semver": "^7.3.2"
      }
    },
    "node_modules/esprima": {
      "version": "4.0.1",
      "resolved": "https://registry.npmjs.org/esprima/-/esprima-4.0.1.tgz",
      "integrity": "sha512-eGuFFw7Upda+g4p+QHvnW0RyTX/SVeJBDM/gCtMARO0cLuT2HcEKnTPvhjV6aGeqrCB/sbNop0Kszm0jsaWU4A==",
      "bin": {
        "esparse": "bin/esparse.js",
        "esvalidate": "bin/esvalidate.js"
      },
      "engines": {
        "node": ">=4"
      }
    },
    "node_modules/fs-extra": {
      "version": "9.0.1",
      "resolved": "https://registry.npmjs.org/fs-extra/-/fs-extra-9.0.1.tgz",
      "integrity": "sha512-h2iAoN838FqAFJY2/qVpzFXy+EBxfVE220PalAqQLDVsFOHLJrZvut5puAbCdNv6WJk+B8ihI+k0c7JK5erwqQ==",
      "dependencies": {
        "at-least-node": "^1.0.0",
        "graceful-fs": "^4.2.0",
        "jsonfile": "^6.0.1",
        "universalify": "^1.0.0"
      },
      "engines": {
        "node": ">=10"
      }
    },
    "node_modules/graceful-fs": {
      "version": "4.2.4",
      "resolved": "https://registry.npmjs.org/graceful-fs/-/graceful-fs-4.2.4.tgz",
      "integrity": "sha512-WjKPNJF79dtJAVniUlGGWHYGz2jWxT6VhN/4m1NdkbZ2nOsEF+cI1Edgql5zCRhs/VsQYRvrXctxktVXZUkixw=="
    },
    "node_modules/js-yaml": {
      "version": "3.14.1",
      "resolved": "https://registry.npmjs.org/js-yaml/-/js-yaml-3.14.1.tgz",
      "integrity": "sha512-okMH7OXXJ7YrN9Ok3/SXrnu4iX9yOk+25nqX4imS2npuvTYDmo/QEZoqwZkYaIDk3jVvBOTOIEgEhaLOynBS9g==",
      "dependencies": {
        "argparse": "^1.0.7",
        "esprima": "^4.0.0"
      },
      "bin": {
        "js-yaml": "bin/js-yaml.js"
      }
    },
    "node_modules/jsonfile": {
      "version": "6.1.0",
      "resolved": "https://registry.npmjs.org/jsonfile/-/jsonfile-6.1.0.tgz",
      "integrity": "sha512-5dgndWOriYSm5cnYaJNhalLNDKOqFwyDB/rr1E9ZsGciGvKPs8R2xYGCacuf3z6K1YKDz182fd+fY3cn3pMqXQ==",
      "dependencies": {
        "universalify": "^2.0.0"
      },
      "optionalDependencies": {
        "graceful-fs": "^4.1.6"
      }
    },
    "node_modules/jsonfile/node_modules/universalify": {
      "version": "2.0.0",
      "resolved": "https://registry.npmjs.org/universalify/-/universalify-2.0.0.tgz",
      "integrity": "sha512-hAZsKq7Yy11Zu1DE0OzWjw7nnLZmJZYTDZZyEFHZdUhV8FkH5MCfoU1XMaxXovpyW5nq5scPqq0ZDP9Zyl04oQ==",
      "engines": {
        "node": ">= 10.0.0"
      }
    },
    "node_modules/lazy-val": {
      "version": "1.0.4",
      "resolved": "https://registry.npmjs.org/lazy-val/-/lazy-val-1.0.4.tgz",
      "integrity": "sha512-u93kb2fPbIrfzBuLjZE+w+fJbUUMhNDXxNmMfaqNgpfQf1CO5ZSe2LfsnBqVAk7i/2NF48OSoRj+Xe2VT+lE8Q=="
    },
    "node_modules/lodash.isequal": {
      "version": "4.5.0",
      "resolved": "https://registry.npmjs.org/lodash.isequal/-/lodash.isequal-4.5.0.tgz",
      "integrity": "sha1-QVxEePK8wwEgwizhDtMib30+GOA="
    },
    "node_modules/lru-cache": {
      "version": "6.0.0",
      "resolved": "https://registry.npmjs.org/lru-cache/-/lru-cache-6.0.0.tgz",
      "integrity": "sha512-Jo6dJ04CmSjuznwJSS3pUeWmd/H0ffTlkXXgwZi+eq1UCmqQwCh+eLsYOYCwY991i2Fah4h1BEMCx4qThGbsiA==",
      "dependencies": {
        "yallist": "^4.0.0"
      },
      "engines": {
        "node": ">=10"
      }
    },
    "node_modules/ms": {
      "version": "2.1.2",
      "resolved": "https://registry.npmjs.org/ms/-/ms-2.1.2.tgz",
      "integrity": "sha512-sGkPx+VjMtmA6MX27oA4FBFELFCZZ4S4XqeGOXCv68tT+jb3vk/RyaKWP0PTKyWtmLSM0b+adUTEvbs1PEaH2w=="
    },
    "node_modules/sax": {
      "version": "1.2.4",
      "resolved": "https://registry.npmjs.org/sax/-/sax-1.2.4.tgz",
      "integrity": "sha512-NqVDv9TpANUjFm0N8uM5GxL36UgKi9/atZw+x7YFnQ8ckwFGKrl4xX4yWtrey3UJm5nP1kUbnYgLopqWNSRhWw=="
    },
    "node_modules/semver": {
      "version": "7.3.4",
      "resolved": "https://registry.npmjs.org/semver/-/semver-7.3.4.tgz",
      "integrity": "sha512-tCfb2WLjqFAtXn4KEdxIhalnRtoKFN7nAwj0B3ZXCbQloV2tq5eDbcTmT68JJD3nRJq24/XgxtQKFIpQdtvmVw==",
      "dependencies": {
        "lru-cache": "^6.0.0"
      },
      "bin": {
        "semver": "bin/semver.js"
      },
      "engines": {
        "node": ">=10"
      }
    },
    "node_modules/sprintf-js": {
      "version": "1.0.3",
      "resolved": "https://registry.npmjs.org/sprintf-js/-/sprintf-js-1.0.3.tgz",
      "integrity": "sha1-BOaSb2YolTVPPdAVIDYzuFcpfiw="
    },
    "node_modules/universalify": {
      "version": "1.0.0",
      "resolved": "https://registry.npmjs.org/universalify/-/universalify-1.0.0.tgz",
      "integrity": "sha512-rb6X1W158d7pRQBg5gkR8uPaSfiids68LTJQYOtEUhoJUWBdaQHsuT/EUduxXYxcrt4r5PJ4fuHW1MHT6p0qug==",
      "engines": {
        "node": ">= 10.0.0"
      }
    },
    "node_modules/yallist": {
      "version": "4.0.0",
      "resolved": "https://registry.npmjs.org/yallist/-/yallist-4.0.0.tgz",
      "integrity": "sha512-3wdGidZyq5PB084XLES5TpOSRA3wjXAlIWMhum2kRcv/41Sn2emQ0dycQW4uZXLejwKvg6EsvbdlVL+FYEct7A=="
    }
  },
  "dependencies": {
    "@types/semver": {
      "version": "7.3.4",
      "resolved": "https://registry.npmjs.org/@types/semver/-/semver-7.3.4.tgz",
      "integrity": "sha512-+nVsLKlcUCeMzD2ufHEYuJ9a2ovstb6Dp52A5VsoKxDXgvE051XgHI/33I1EymwkRGQkwnA0LkhnUzituGs4EQ=="
    },
    "argparse": {
      "version": "1.0.10",
      "resolved": "https://registry.npmjs.org/argparse/-/argparse-1.0.10.tgz",
      "integrity": "sha512-o5Roy6tNG4SL/FOkCAN6RzjiakZS25RLYFrcMttJqbdd8BWrnA+fGz57iN5Pb06pvBGvl5gQ0B48dJlslXvoTg==",
      "requires": {
        "sprintf-js": "~1.0.2"
      }
    },
    "at-least-node": {
      "version": "1.0.0",
      "resolved": "https://registry.npmjs.org/at-least-node/-/at-least-node-1.0.0.tgz",
      "integrity": "sha512-+q/t7Ekv1EDY2l6Gda6LLiX14rU9TV20Wa3ofeQmwPFZbOMo9DXrLbOjFaaclkXKWidIaopwAObQDqwWtGUjqg=="
    },
    "builder-util-runtime": {
      "version": "8.7.2",
      "resolved": "https://registry.npmjs.org/builder-util-runtime/-/builder-util-runtime-8.7.2.tgz",
      "integrity": "sha512-xBqv+8bg6cfnzAQK1k3OGpfaHg+QkPgIgpEkXNhouZ0WiUkyZCftuRc2LYzQrLucFywpa14Xbc6+hTbpq83yRA==",
      "requires": {
        "debug": "^4.1.1",
        "sax": "^1.2.4"
      }
    },
    "debug": {
      "version": "4.3.1",
      "resolved": "https://registry.npmjs.org/debug/-/debug-4.3.1.tgz",
      "integrity": "sha512-doEwdvm4PCeK4K3RQN2ZC2BYUBaxwLARCqZmMjtF8a51J2Rb0xpVloFRnCODwqjpwnAoao4pelN8l3RJdv3gRQ==",
      "requires": {
        "ms": "2.1.2"
      }
    },
    "electron-is-dev": {
      "version": "1.2.0",
      "resolved": "https://registry.npmjs.org/electron-is-dev/-/electron-is-dev-1.2.0.tgz",
      "integrity": "sha512-R1oD5gMBPS7PVU8gJwH6CtT0e6VSoD0+SzSnYpNm+dBkcijgA+K7VAMHDfnRq/lkKPZArpzplTW6jfiMYosdzw=="
    },
    "electron-log": {
      "version": "4.3.1",
      "resolved": "https://registry.npmjs.org/electron-log/-/electron-log-4.3.1.tgz",
      "integrity": "sha512-S/0CMjYjgyWUsZ3d27VvErPaI5W4oILp4jfeCuN4DhDqrJW6jKRUD2PxFfTdeZEIjM7+fttGg7A61rPcAcZC1w=="
    },
    "electron-updater": {
      "version": "4.3.5",
      "resolved": "https://registry.npmjs.org/electron-updater/-/electron-updater-4.3.5.tgz",
      "integrity": "sha512-5jjN7ebvfj1cLI0VZMdCnJk6aC4bP+dy7ryBf21vArR0JzpRVk0OZHA2QBD+H5rm6ZSeDYHOY6+8PrMEqJ4wlQ==",
      "requires": {
        "@types/semver": "^7.3.1",
        "builder-util-runtime": "8.7.2",
        "fs-extra": "^9.0.1",
        "js-yaml": "^3.14.0",
        "lazy-val": "^1.0.4",
        "lodash.isequal": "^4.5.0",
        "semver": "^7.3.2"
      }
    },
    "esprima": {
      "version": "4.0.1",
      "resolved": "https://registry.npmjs.org/esprima/-/esprima-4.0.1.tgz",
      "integrity": "sha512-eGuFFw7Upda+g4p+QHvnW0RyTX/SVeJBDM/gCtMARO0cLuT2HcEKnTPvhjV6aGeqrCB/sbNop0Kszm0jsaWU4A=="
    },
    "fs-extra": {
      "version": "9.0.1",
      "resolved": "https://registry.npmjs.org/fs-extra/-/fs-extra-9.0.1.tgz",
      "integrity": "sha512-h2iAoN838FqAFJY2/qVpzFXy+EBxfVE220PalAqQLDVsFOHLJrZvut5puAbCdNv6WJk+B8ihI+k0c7JK5erwqQ==",
      "requires": {
        "at-least-node": "^1.0.0",
        "graceful-fs": "^4.2.0",
        "jsonfile": "^6.0.1",
        "universalify": "^1.0.0"
      }
    },
    "graceful-fs": {
      "version": "4.2.4",
      "resolved": "https://registry.npmjs.org/graceful-fs/-/graceful-fs-4.2.4.tgz",
      "integrity": "sha512-WjKPNJF79dtJAVniUlGGWHYGz2jWxT6VhN/4m1NdkbZ2nOsEF+cI1Edgql5zCRhs/VsQYRvrXctxktVXZUkixw=="
    },
    "js-yaml": {
      "version": "3.14.1",
      "resolved": "https://registry.npmjs.org/js-yaml/-/js-yaml-3.14.1.tgz",
      "integrity": "sha512-okMH7OXXJ7YrN9Ok3/SXrnu4iX9yOk+25nqX4imS2npuvTYDmo/QEZoqwZkYaIDk3jVvBOTOIEgEhaLOynBS9g==",
      "requires": {
        "argparse": "^1.0.7",
        "esprima": "^4.0.0"
      }
    },
    "jsonfile": {
      "version": "6.1.0",
      "resolved": "https://registry.npmjs.org/jsonfile/-/jsonfile-6.1.0.tgz",
      "integrity": "sha512-5dgndWOriYSm5cnYaJNhalLNDKOqFwyDB/rr1E9ZsGciGvKPs8R2xYGCacuf3z6K1YKDz182fd+fY3cn3pMqXQ==",
      "requires": {
        "graceful-fs": "^4.1.6",
        "universalify": "^2.0.0"
      },
      "dependencies": {
        "universalify": {
          "version": "2.0.0",
          "resolved": "https://registry.npmjs.org/universalify/-/universalify-2.0.0.tgz",
          "integrity": "sha512-hAZsKq7Yy11Zu1DE0OzWjw7nnLZmJZYTDZZyEFHZdUhV8FkH5MCfoU1XMaxXovpyW5nq5scPqq0ZDP9Zyl04oQ=="
        }
      }
    },
    "lazy-val": {
      "version": "1.0.4",
      "resolved": "https://registry.npmjs.org/lazy-val/-/lazy-val-1.0.4.tgz",
      "integrity": "sha512-u93kb2fPbIrfzBuLjZE+w+fJbUUMhNDXxNmMfaqNgpfQf1CO5ZSe2LfsnBqVAk7i/2NF48OSoRj+Xe2VT+lE8Q=="
    },
    "lodash.isequal": {
      "version": "4.5.0",
      "resolved": "https://registry.npmjs.org/lodash.isequal/-/lodash.isequal-4.5.0.tgz",
      "integrity": "sha1-QVxEePK8wwEgwizhDtMib30+GOA="
    },
    "lru-cache": {
      "version": "6.0.0",
      "resolved": "https://registry.npmjs.org/lru-cache/-/lru-cache-6.0.0.tgz",
      "integrity": "sha512-Jo6dJ04CmSjuznwJSS3pUeWmd/H0ffTlkXXgwZi+eq1UCmqQwCh+eLsYOYCwY991i2Fah4h1BEMCx4qThGbsiA==",
      "requires": {
        "yallist": "^4.0.0"
      }
    },
    "ms": {
      "version": "2.1.2",
      "resolved": "https://registry.npmjs.org/ms/-/ms-2.1.2.tgz",
      "integrity": "sha512-sGkPx+VjMtmA6MX27oA4FBFELFCZZ4S4XqeGOXCv68tT+jb3vk/RyaKWP0PTKyWtmLSM0b+adUTEvbs1PEaH2w=="
    },
    "sax": {
      "version": "1.2.4",
      "resolved": "https://registry.npmjs.org/sax/-/sax-1.2.4.tgz",
      "integrity": "sha512-NqVDv9TpANUjFm0N8uM5GxL36UgKi9/atZw+x7YFnQ8ckwFGKrl4xX4yWtrey3UJm5nP1kUbnYgLopqWNSRhWw=="
    },
    "semver": {
      "version": "7.3.4",
      "resolved": "https://registry.npmjs.org/semver/-/semver-7.3.4.tgz",
      "integrity": "sha512-tCfb2WLjqFAtXn4KEdxIhalnRtoKFN7nAwj0B3ZXCbQloV2tq5eDbcTmT68JJD3nRJq24/XgxtQKFIpQdtvmVw==",
      "requires": {
        "lru-cache": "^6.0.0"
      }
    },
    "sprintf-js": {
      "version": "1.0.3",
      "resolved": "https://registry.npmjs.org/sprintf-js/-/sprintf-js-1.0.3.tgz",
      "integrity": "sha1-BOaSb2YolTVPPdAVIDYzuFcpfiw="
    },
    "universalify": {
      "version": "1.0.0",
      "resolved": "https://registry.npmjs.org/universalify/-/universalify-1.0.0.tgz",
      "integrity": "sha512-rb6X1W158d7pRQBg5gkR8uPaSfiids68LTJQYOtEUhoJUWBdaQHsuT/EUduxXYxcrt4r5PJ4fuHW1MHT6p0qug=="
    },
    "yallist": {
      "version": "4.0.0",
      "resolved": "https://registry.npmjs.org/yallist/-/yallist-4.0.0.tgz",
      "integrity": "sha512-3wdGidZyq5PB084XLES5TpOSRA3wjXAlIWMhum2kRcv/41Sn2emQ0dycQW4uZXLejwKvg6EsvbdlVL+FYEct7A=="
    }
  }
}
